<<<<<<< HEAD
﻿
Microsoft Visual Studio Solution File, Format Version 12.00
# Visual Studio Version 16
VisualStudioVersion = 16.0.31105.61
MinimumVisualStudioVersion = 10.0.40219.1
Project("{FAE04EC0-301F-11D3-BF4B-00C04F79EFBC}") = "mosquito", "mosquito.csproj", "{B193F6B1-34B4-4660-A444-6618B7C5141B}"
EndProject
Global
	GlobalSection(SolutionConfigurationPlatforms) = preSolution
		Debug|Any CPU = Debug|Any CPU
		Release|Any CPU = Release|Any CPU
	EndGlobalSection
	GlobalSection(ProjectConfigurationPlatforms) = postSolution
		{B193F6B1-34B4-4660-A444-6618B7C5141B}.Debug|Any CPU.ActiveCfg = Debug|Any CPU
		{B193F6B1-34B4-4660-A444-6618B7C5141B}.Debug|Any CPU.Build.0 = Debug|Any CPU
		{B193F6B1-34B4-4660-A444-6618B7C5141B}.Release|Any CPU.ActiveCfg = Release|Any CPU
		{B193F6B1-34B4-4660-A444-6618B7C5141B}.Release|Any CPU.Build.0 = Release|Any CPU
	EndGlobalSection
	GlobalSection(SolutionProperties) = preSolution
		HideSolutionNode = FALSE
	EndGlobalSection
	GlobalSection(ExtensibilityGlobals) = postSolution
		SolutionGuid = {125E3C52-719F-40A0-94DC-A7AEDA08C4A9}
	EndGlobalSection
EndGlobal
=======
﻿
Microsoft Visual Studio Solution File, Format Version 12.00
# Visual Studio Version 16
VisualStudioVersion = 16.0.31105.61
MinimumVisualStudioVersion = 10.0.40219.1
Project("{FAE04EC0-301F-11D3-BF4B-00C04F79EFBC}") = "mosquito", "mosquito.csproj", "{B193F6B1-34B4-4660-A444-6618B7C5141B}"
EndProject
Global
	GlobalSection(SolutionConfigurationPlatforms) = preSolution
		Debug|Any CPU = Debug|Any CPU
		Release|Any CPU = Release|Any CPU
	EndGlobalSection
	GlobalSection(ProjectConfigurationPlatforms) = postSolution
		{B193F6B1-34B4-4660-A444-6618B7C5141B}.Debug|Any CPU.ActiveCfg = Debug|Any CPU
		{B193F6B1-34B4-4660-A444-6618B7C5141B}.Debug|Any CPU.Build.0 = Debug|Any CPU
		{B193F6B1-34B4-4660-A444-6618B7C5141B}.Release|Any CPU.ActiveCfg = Release|Any CPU
		{B193F6B1-34B4-4660-A444-6618B7C5141B}.Release|Any CPU.Build.0 = Release|Any CPU
	EndGlobalSection
	GlobalSection(SolutionProperties) = preSolution
		HideSolutionNode = FALSE
	EndGlobalSection
	GlobalSection(ExtensibilityGlobals) = postSolution
		SolutionGuid = {125E3C52-719F-40A0-94DC-A7AEDA08C4A9}
	EndGlobalSection
EndGlobal
>>>>>>> e582082d5beaddfe72f3be9c5e97671bc5909fea
